
Microsoft Visual Studio Solution File, Format Version 12.00
# Visual Studio Version 16
VisualStudioVersion = 16.0.31410.357
MinimumVisualStudioVersion = 10.0.40219.1
Project("{FAE04EC0-301F-11D3-BF4B-00C04F79EFBC}") = "PSO2JP_Token_Generator", "PSO2JP_Token_Generator.csproj", "{D0C44192-5978-421D-A13C-9BFD462A1DC2}"
EndProject
Global
	GlobalSection(SolutionConfigurationPlatforms) = preSolution
		Debug|Any CPU = Debug|Any CPU
		Release|Any CPU = Release|Any CPU
	EndGlobalSection
	GlobalSection(ProjectConfigurationPlatforms) = postSolution
		{D0C44192-5978-421D-A13C-9BFD462A1DC2}.Debug|Any CPU.ActiveCfg = Debug|Any CPU
		{D0C44192-5978-421D-A13C-9BFD462A1DC2}.Debug|Any CPU.Build.0 = Debug|Any CPU
		{D0C44192-5978-421D-A13C-9BFD462A1DC2}.Release|Any CPU.ActiveCfg = Release|Any CPU
		{D0C44192-5978-421D-A13C-9BFD462A1DC2}.Release|Any CPU.Build.0 = Release|Any CPU
	EndGlobalSection
	GlobalSection(SolutionProperties) = preSolution
		HideSolutionNode = FALSE
	EndGlobalSection
	GlobalSection(ExtensibilityGlobals) = postSolution
		SolutionGuid = {24A10FDD-7B74-4E86-B1EC-2DDA52A83C63}
	EndGlobalSection
EndGlobal
